
Microsoft Visual Studio Solution File, Format Version 12.00
# Visual Studio 15
VisualStudioVersion = 15.0.26730.10
MinimumVisualStudioVersion = 10.0.40219.1
Project("{FAE04EC0-301F-11D3-BF4B-00C04F79EFBC}") = "CustomFonts.Android", "CustomFonts\CustomFonts.Android\CustomFonts.Android.csproj", "{E515F14E-5BEB-4625-AA40-7E8CA0BF935D}"
EndProject
Project("{FAE04EC0-301F-11D3-BF4B-00C04F79EFBC}") = "CustomFonts", "CustomFonts\CustomFonts\CustomFonts.csproj", "{D59CEFC6-1615-41F0-A45F-8805C890CE57}"
EndProject
Project("{FAE04EC0-301F-11D3-BF4B-00C04F79EFBC}") = "CustomFonts.UWP", "CustomFonts\CustomFonts.UWP\CustomFonts.UWP.csproj", "{48A597F2-12C7-4ED6-A5C3-FA3E8BB677A7}"
EndProject
Project("{FAE04EC0-301F-11D3-BF4B-00C04F79EFBC}") = "CustomFonts.iOS", "CustomFonts\CustomFonts.iOS\CustomFonts.iOS.csproj", "{6BAFAF45-011B-4FEA-B8C2-098FC2FE514E}"
EndProject
Global
	GlobalSection(SolutionConfigurationPlatforms) = preSolution
		Ad-Hoc|Any CPU = Ad-Hoc|Any CPU
		Ad-Hoc|ARM = Ad-Hoc|ARM
		Ad-Hoc|iPhone = Ad-Hoc|iPhone
		Ad-Hoc|iPhoneSimulator = Ad-Hoc|iPhoneSimulator
		Ad-Hoc|x64 = Ad-Hoc|x64
		Ad-Hoc|x86 = Ad-Hoc|x86
		AppStore|Any CPU = AppStore|Any CPU
		AppStore|ARM = AppStore|ARM
		AppStore|iPhone = AppStore|iPhone
		AppStore|iPhoneSimulator = AppStore|iPhoneSimulator
		AppStore|x64 = AppStore|x64
		AppStore|x86 = AppStore|x86
		Debug|Any CPU = Debug|Any CPU
		Debug|ARM = Debug|ARM
		Debug|iPhone = Debug|iPhone
		Debug|iPhoneSimulator = Debug|iPhoneSimulator
		Debug|x64 = Debug|x64
		Debug|x86 = Debug|x86
		Release|Any CPU = Release|Any CPU
		Release|ARM = Release|ARM
		Release|iPhone = Release|iPhone
		Release|iPhoneSimulator = Release|iPhoneSimulator
		Release|x64 = Release|x64
		Release|x86 = Release|x86
	EndGlobalSection
	GlobalSection(ProjectConfigurationPlatforms) = postSolution
		{E515F14E-5BEB-4625-AA40-7E8CA0BF935D}.Ad-Hoc|Any CPU.ActiveCfg = Release|Any CPU
		{E515F14E-5BEB-4625-AA40-7E8CA0BF935D}.Ad-Hoc|Any CPU.Build.0 = Release|Any CPU
		{E515F14E-5BEB-4625-AA40-7E8CA0BF935D}.Ad-Hoc|Any CPU.Deploy.0 = Release|Any CPU
		{E515F14E-5BEB-4625-AA40-7E8CA0BF935D}.Ad-Hoc|ARM.ActiveCfg = Release|Any CPU
		{E515F14E-5BEB-4625-AA40-7E8CA0BF935D}.Ad-Hoc|ARM.Build.0 = Release|Any CPU
		{E515F14E-5BEB-4625-AA40-7E8CA0BF935D}.Ad-Hoc|ARM.Deploy.0 = Release|Any CPU
		{E515F14E-5BEB-4625-AA40-7E8CA0BF935D}.Ad-Hoc|iPhone.ActiveCfg = Release|Any CPU
		{E515F14E-5BEB-4625-AA40-7E8CA0BF935D}.Ad-Hoc|iPhone.Build.0 = Release|Any CPU
		{E515F14E-5BEB-4625-AA40-7E8CA0BF935D}.Ad-Hoc|iPhone.Deploy.0 = Release|Any CPU
		{E515F14E-5BEB-4625-AA40-7E8CA0BF935D}.Ad-Hoc|iPhoneSimulator.ActiveCfg = Release|Any CPU
		{E515F14E-5BEB-4625-AA40-7E8CA0BF935D}.Ad-Hoc|iPhoneSimulator.Build.0 = Release|Any CPU
		{E515F14E-5BEB-4625-AA40-7E8CA0BF935D}.Ad-Hoc|iPhoneSimulator.Deploy.0 = Release|Any CPU
		{E515F14E-5BEB-4625-AA40-7E8CA0BF935D}.Ad-Hoc|x64.ActiveCfg = Release|Any CPU
		{E515F14E-5BEB-4625-AA40-7E8CA0BF935D}.Ad-Hoc|x64.Build.0 = Release|Any CPU
		{E515F14E-5BEB-4625-AA40-7E8CA0BF935D}.Ad-Hoc|x64.Deploy.0 = Release|Any CPU
		{E515F14E-5BEB-4625-AA40-7E8CA0BF935D}.Ad-Hoc|x86.ActiveCfg = Release|Any CPU
		{E515F14E-5BEB-4625-AA40-7E8CA0BF935D}.Ad-Hoc|x86.Build.0 = Release|Any CPU
		{E515F14E-5BEB-4625-AA40-7E8CA0BF935D}.Ad-Hoc|x86.Deploy.0 = Release|Any CPU
		{E515F14E-5BEB-4625-AA40-7E8CA0BF935D}.AppStore|Any CPU.ActiveCfg = Release|Any CPU
		{E515F14E-5BEB-4625-AA40-7E8CA0BF935D}.AppStore|Any CPU.Build.0 = Release|Any CPU
		{E515F14E-5BEB-4625-AA40-7E8CA0BF935D}.AppStore|Any CPU.Deploy.0 = Release|Any CPU
		{E515F14E-5BEB-4625-AA40-7E8CA0BF935D}.AppStore|ARM.ActiveCfg = Release|Any CPU
		{E515F14E-5BEB-4625-AA40-7E8CA0BF935D}.AppStore|ARM.Build.0 = Release|Any CPU
		{E515F14E-5BEB-4625-AA40-7E8CA0BF935D}.AppStore|ARM.Deploy.0 = Release|Any CPU
		{E515F14E-5BEB-4625-AA40-7E8CA0BF935D}.AppStore|iPhone.ActiveCfg = Release|Any CPU
		{E515F14E-5BEB-4625-AA40-7E8CA0BF935D}.AppStore|iPhone.Build.0 = Release|Any CPU
		{E515F14E-5BEB-4625-AA40-7E8CA0BF935D}.AppStore|iPhone.Deploy.0 = Release|Any CPU
		{E515F14E-5BEB-4625-AA40-7E8CA0BF935D}.AppStore|iPhoneSimulator.ActiveCfg = Release|Any CPU
		{E515F14E-5BEB-4625-AA40-7E8CA0BF935D}.AppStore|iPhoneSimulator.Build.0 = Release|Any CPU
		{E515F14E-5BEB-4625-AA40-7E8CA0BF935D}.AppStore|iPhoneSimulator.Deploy.0 = Release|Any CPU
		{E515F14E-5BEB-4625-AA40-7E8CA0BF935D}.AppStore|x64.ActiveCfg = Release|Any CPU
		{E515F14E-5BEB-4625-AA40-7E8CA0BF935D}.AppStore|x64.Build.0 = Release|Any CPU
		{E515F14E-5BEB-4625-AA40-7E8CA0BF935D}.AppStore|x64.Deploy.0 = Release|Any CPU
		{E515F14E-5BEB-4625-AA40-7E8CA0BF935D}.AppStore|x86.ActiveCfg = Release|Any CPU
		{E515F14E-5BEB-4625-AA40-7E8CA0BF935D}.AppStore|x86.Build.0 = Release|Any CPU
		{E515F14E-5BEB-4625-AA40-7E8CA0BF935D}.AppStore|x86.Deploy.0 = Release|Any CPU
		{E515F14E-5BEB-4625-AA40-7E8CA0BF935D}.Debug|Any CPU.ActiveCfg = Debug|Any CPU
		{E515F14E-5BEB-4625-AA40-7E8CA0BF935D}.Debug|Any CPU.Build.0 = Debug|Any CPU
		{E515F14E-5BEB-4625-AA40-7E8CA0BF935D}.Debug|Any CPU.Deploy.0 = Debug|Any CPU
		{E515F14E-5BEB-4625-AA40-7E8CA0BF935D}.Debug|ARM.ActiveCfg = Debug|Any CPU
		{E515F14E-5BEB-4625-AA40-7E8CA0BF935D}.Debug|ARM.Build.0 = Debug|Any CPU
		{E515F14E-5BEB-4625-AA40-7E8CA0BF935D}.Debug|ARM.Deploy.0 = Debug|Any CPU
		{E515F14E-5BEB-4625-AA40-7E8CA0BF935D}.Debug|iPhone.ActiveCfg = Debug|Any CPU
		{E515F14E-5BEB-4625-AA40-7E8CA0BF935D}.Debug|iPhone.Build.0 = Debug|Any CPU
		{E515F14E-5BEB-4625-AA40-7E8CA0BF935D}.Debug|iPhone.Deploy.0 = Debug|Any CPU
		{E515F14E-5BEB-4625-AA40-7E8CA0BF935D}.Debug|iPhoneSimulator.ActiveCfg = Debug|Any CPU
		{E515F14E-5BEB-4625-AA40-7E8CA0BF935D}.Debug|iPhoneSimulator.Build.0 = Debug|Any CPU
		{E515F14E-5BEB-4625-AA40-7E8CA0BF935D}.Debug|iPhoneSimulator.Deploy.0 = Debug|Any CPU
		{E515F14E-5BEB-4625-AA40-7E8CA0BF935D}.Debug|x64.ActiveCfg = Debug|Any CPU
		{E515F14E-5BEB-4625-AA40-7E8CA0BF935D}.Debug|x64.Build.0 = Debug|Any CPU
		{E515F14E-5BEB-4625-AA40-7E8CA0BF935D}.Debug|x64.Deploy.0 = Debug|Any CPU
		{E515F14E-5BEB-4625-AA40-7E8CA0BF935D}.Debug|x86.ActiveCfg = Debug|Any CPU
		{E515F14E-5BEB-4625-AA40-7E8CA0BF935D}.Debug|x86.Build.0 = Debug|Any CPU
		{E515F14E-5BEB-4625-AA40-7E8CA0BF935D}.Debug|x86.Deploy.0 = Debug|Any CPU
		{E515F14E-5BEB-4625-AA40-7E8CA0BF935D}.Release|Any CPU.ActiveCfg = Release|Any CPU
		{E515F14E-5BEB-4625-AA40-7E8CA0BF935D}.Release|Any CPU.Build.0 = Release|Any CPU
		{E515F14E-5BEB-4625-AA40-7E8CA0BF935D}.Release|Any CPU.Deploy.0 = Release|Any CPU
		{E515F14E-5BEB-4625-AA40-7E8CA0BF935D}.Release|ARM.ActiveCfg = Release|Any CPU
		{E515F14E-5BEB-4625-AA40-7E8CA0BF935D}.Release|ARM.Build.0 = Release|Any CPU
		{E515F14E-5BEB-4625-AA40-7E8CA0BF935D}.Release|ARM.Deploy.0 = Release|Any CPU
		{E515F14E-5BEB-4625-AA40-7E8CA0BF935D}.Release|iPhone.ActiveCfg = Release|Any CPU
		{E515F14E-5BEB-4625-AA40-7E8CA0BF935D}.Release|iPhone.Build.0 = Release|Any CPU
		{E515F14E-5BEB-4625-AA40-7E8CA0BF935D}.Release|iPhone.Deploy.0 = Release|Any CPU
		{E515F14E-5BEB-4625-AA40-7E8CA0BF935D}.Release|iPhoneSimulator.ActiveCfg = Release|Any CPU
		{E515F14E-5BEB-4625-AA40-7E8CA0BF935D}.Release|iPhoneSimulator.Build.0 = Release|Any CPU
		{E515F14E-5BEB-4625-AA40-7E8CA0BF935D}.Release|iPhoneSimulator.Deploy.0 = Release|Any CPU
		{E515F14E-5BEB-4625-AA40-7E8CA0BF935D}.Release|x64.ActiveCfg = Release|Any CPU
		{E515F14E-5BEB-4625-AA40-7E8CA0BF935D}.Release|x64.Build.0 = Release|Any CPU
		{E515F14E-5BEB-4625-AA40-7E8CA0BF935D}.Release|x64.Deploy.0 = Release|Any CPU
		{E515F14E-5BEB-4625-AA40-7E8CA0BF935D}.Release|x86.ActiveCfg = Release|Any CPU
		{E515F14E-5BEB-4625-AA40-7E8CA0BF935D}.Release|x86.Build.0 = Release|Any CPU
		{E515F14E-5BEB-4625-AA40-7E8CA0BF935D}.Release|x86.Deploy.0 = Release|Any CPU
		{D59CEFC6-1615-41F0-A45F-8805C890CE57}.Ad-Hoc|Any CPU.ActiveCfg = Release|Any CPU
		{D59CEFC6-1615-41F0-A45F-8805C890CE57}.Ad-Hoc|Any CPU.Build.0 = Release|Any CPU
		{D59CEFC6-1615-41F0-A45F-8805C890CE57}.Ad-Hoc|ARM.ActiveCfg = Release|Any CPU
		{D59CEFC6-1615-41F0-A45F-8805C890CE57}.Ad-Hoc|ARM.Build.0 = Release|Any CPU
		{D59CEFC6-1615-41F0-A45F-8805C890CE57}.Ad-Hoc|iPhone.ActiveCfg = Release|Any CPU
		{D59CEFC6-1615-41F0-A45F-8805C890CE57}.Ad-Hoc|iPhone.Build.0 = Release|Any CPU
		{D59CEFC6-1615-41F0-A45F-8805C890CE57}.Ad-Hoc|iPhoneSimulator.ActiveCfg = Release|Any CPU
		{D59CEFC6-1615-41F0-A45F-8805C890CE57}.Ad-Hoc|iPhoneSimulator.Build.0 = Release|Any CPU
		{D59CEFC6-1615-41F0-A45F-8805C890CE57}.Ad-Hoc|x64.ActiveCfg = Release|Any CPU
		{D59CEFC6-1615-41F0-A45F-8805C890CE57}.Ad-Hoc|x64.Build.0 = Release|Any CPU
		{D59CEFC6-1615-41F0-A45F-8805C890CE57}.Ad-Hoc|x86.ActiveCfg = Release|Any CPU
		{D59CEFC6-1615-41F0-A45F-8805C890CE57}.Ad-Hoc|x86.Build.0 = Release|Any CPU
		{D59CEFC6-1615-41F0-A45F-8805C890CE57}.AppStore|Any CPU.ActiveCfg = Release|Any CPU
		{D59CEFC6-1615-41F0-A45F-8805C890CE57}.AppStore|Any CPU.Build.0 = Release|Any CPU
		{D59CEFC6-1615-41F0-A45F-8805C890CE57}.AppStore|ARM.ActiveCfg = Release|Any CPU
		{D59CEFC6-1615-41F0-A45F-8805C890CE57}.AppStore|ARM.Build.0 = Release|Any CPU
		{D59CEFC6-1615-41F0-A45F-8805C890CE57}.AppStore|iPhone.ActiveCfg = Release|Any CPU
		{D59CEFC6-1615-41F0-A45F-8805C890CE57}.AppStore|iPhone.Build.0 = Release|Any CPU
		{D59CEFC6-1615-41F0-A45F-8805C890CE57}.AppStore|iPhoneSimulator.ActiveCfg = Release|Any CPU
		{D59CEFC6-1615-41F0-A45F-8805C890CE57}.AppStore|iPhoneSimulator.Build.0 = Release|Any CPU
		{D59CEFC6-1615-41F0-A45F-8805C890CE57}.AppStore|x64.ActiveCfg = Release|Any CPU
		{D59CEFC6-1615-41F0-A45F-8805C890CE57}.AppStore|x64.Build.0 = Release|Any CPU
		{D59CEFC6-1615-41F0-A45F-8805C890CE57}.AppStore|x86.ActiveCfg = Release|Any CPU
		{D59CEFC6-1615-41F0-A45F-8805C890CE57}.AppStore|x86.Build.0 = Release|Any CPU
		{D59CEFC6-1615-41F0-A45F-8805C890CE57}.Debug|Any CPU.ActiveCfg = Debug|Any CPU
		{D59CEFC6-1615-41F0-A45F-8805C890CE57}.Debug|Any CPU.Build.0 = Debug|Any CPU
		{D59CEFC6-1615-41F0-A45F-8805C890CE57}.Debug|ARM.ActiveCfg = Debug|Any CPU
		{D59CEFC6-1615-41F0-A45F-8805C890CE57}.Debug|ARM.Build.0 = Debug|Any CPU
		{D59CEFC6-1615-41F0-A45F-8805C890CE57}.Debug|iPhone.ActiveCfg = Debug|Any CPU
		{D59CEFC6-1615-41F0-A45F-8805C890CE57}.Debug|iPhone.Build.0 = Debug|Any CPU
		{D59CEFC6-1615-41F0-A45F-8805C890CE57}.Debug|iPhoneSimulator.ActiveCfg = Debug|Any CPU
		{D59CEFC6-1615-41F0-A45F-8805C890CE57}.Debug|iPhoneSimulator.Build.0 = Debug|Any CPU
		{D59CEFC6-1615-41F0-A45F-8805C890CE57}.Debug|x64.ActiveCfg = Debug|Any CPU
		{D59CEFC6-1615-41F0-A45F-8805C890CE57}.Debug|x64.Build.0 = Debug|Any CPU
		{D59CEFC6-1615-41F0-A45F-8805C890CE57}.Debug|x86.ActiveCfg = Debug|Any CPU
		{D59CEFC6-1615-41F0-A45F-8805C890CE57}.Debug|x86.Build.0 = Debug|Any CPU
		{D59CEFC6-1615-41F0-A45F-8805C890CE57}.Release|Any CPU.ActiveCfg = Release|Any CPU
		{D59CEFC6-1615-41F0-A45F-8805C890CE57}.Release|Any CPU.Build.0 = Release|Any CPU
		{D59CEFC6-1615-41F0-A45F-8805C890CE57}.Release|ARM.ActiveCfg = Release|Any CPU
		{D59CEFC6-1615-41F0-A45F-8805C890CE57}.Release|ARM.Build.0 = Release|Any CPU
		{D59CEFC6-1615-41F0-A45F-8805C890CE57}.Release|iPhone.ActiveCfg = Release|Any CPU
		{D59CEFC6-1615-41F0-A45F-8805C890CE57}.Release|iPhone.Build.0 = Release|Any CPU
		{D59CEFC6-1615-41F0-A45F-8805C890CE57}.Release|iPhoneSimulator.ActiveCfg = Release|Any CPU
		{D59CEFC6-1615-41F0-A45F-8805C890CE57}.Release|iPhoneSimulator.Build.0 = Release|Any CPU
		{D59CEFC6-1615-41F0-A45F-8805C890CE57}.Release|x64.ActiveCfg = Release|Any CPU
		{D59CEFC6-1615-41F0-A45F-8805C890CE57}.Release|x64.Build.0 = Release|Any CPU
		{D59CEFC6-1615-41F0-A45F-8805C890CE57}.Release|x86.ActiveCfg = Release|Any CPU
		{D59CEFC6-1615-41F0-A45F-8805C890CE57}.Release|x86.Build.0 = Release|Any CPU
		{48A597F2-12C7-4ED6-A5C3-FA3E8BB677A7}.Ad-Hoc|Any CPU.ActiveCfg = Release|x86
		{48A597F2-12C7-4ED6-A5C3-FA3E8BB677A7}.Ad-Hoc|Any CPU.Build.0 = Release|x86
		{48A597F2-12C7-4ED6-A5C3-FA3E8BB677A7}.Ad-Hoc|Any CPU.Deploy.0 = Release|x86
		{48A597F2-12C7-4ED6-A5C3-FA3E8BB677A7}.Ad-Hoc|ARM.ActiveCfg = Release|ARM
		{48A597F2-12C7-4ED6-A5C3-FA3E8BB677A7}.Ad-Hoc|ARM.Build.0 = Release|ARM
		{48A597F2-12C7-4ED6-A5C3-FA3E8BB677A7}.Ad-Hoc|ARM.Deploy.0 = Release|ARM
		{48A597F2-12C7-4ED6-A5C3-FA3E8BB677A7}.Ad-Hoc|iPhone.ActiveCfg = Release|x86
		{48A597F2-12C7-4ED6-A5C3-FA3E8BB677A7}.Ad-Hoc|iPhone.Build.0 = Release|x86
		{48A597F2-12C7-4ED6-A5C3-FA3E8BB677A7}.Ad-Hoc|iPhone.Deploy.0 = Release|x86
		{48A597F2-12C7-4ED6-A5C3-FA3E8BB677A7}.Ad-Hoc|iPhoneSimulator.ActiveCfg = Release|x86
		{48A597F2-12C7-4ED6-A5C3-FA3E8BB677A7}.Ad-Hoc|iPhoneSimulator.Build.0 = Release|x86
		{48A597F2-12C7-4ED6-A5C3-FA3E8BB677A7}.Ad-Hoc|iPhoneSimulator.Deploy.0 = Release|x86
		{48A597F2-12C7-4ED6-A5C3-FA3E8BB677A7}.Ad-Hoc|x64.ActiveCfg = Release|x64
		{48A597F2-12C7-4ED6-A5C3-FA3E8BB677A7}.Ad-Hoc|x64.Build.0 = Release|x64
		{48A597F2-12C7-4ED6-A5C3-FA3E8BB677A7}.Ad-Hoc|x64.Deploy.0 = Release|x64
		{48A597F2-12C7-4ED6-A5C3-FA3E8BB677A7}.Ad-Hoc|x86.ActiveCfg = Release|x86
		{48A597F2-12C7-4ED6-A5C3-FA3E8BB677A7}.Ad-Hoc|x86.Build.0 = Release|x86
		{48A597F2-12C7-4ED6-A5C3-FA3E8BB677A7}.Ad-Hoc|x86.Deploy.0 = Release|x86
		{48A597F2-12C7-4ED6-A5C3-FA3E8BB677A7}.AppStore|Any CPU.ActiveCfg = Release|x86
		{48A597F2-12C7-4ED6-A5C3-FA3E8BB677A7}.AppStore|Any CPU.Build.0 = Release|x86
		{48A597F2-12C7-4ED6-A5C3-FA3E8BB677A7}.AppStore|Any CPU.Deploy.0 = Release|x86
		{48A597F2-12C7-4ED6-A5C3-FA3E8BB677A7}.AppStore|ARM.ActiveCfg = Release|ARM
		{48A597F2-12C7-4ED6-A5C3-FA3E8BB677A7}.AppStore|ARM.Build.0 = Release|ARM
		{48A597F2-12C7-4ED6-A5C3-FA3E8BB677A7}.AppStore|ARM.Deploy.0 = Release|ARM
		{48A597F2-12C7-4ED6-A5C3-FA3E8BB677A7}.AppStore|iPhone.ActiveCfg = Release|x86
		{48A597F2-12C7-4ED6-A5C3-FA3E8BB677A7}.AppStore|iPhone.Build.0 = Release|x86
		{48A597F2-12C7-4ED6-A5C3-FA3E8BB677A7}.AppStore|iPhone.Deploy.0 = Release|x86
		{48A597F2-12C7-4ED6-A5C3-FA3E8BB677A7}.AppStore|iPhoneSimulator.ActiveCfg = Release|x86
		{48A597F2-12C7-4ED6-A5C3-FA3E8BB677A7}.AppStore|iPhoneSimulator.Build.0 = Release|x86
		{48A597F2-12C7-4ED6-A5C3-FA3E8BB677A7}.AppStore|iPhoneSimulator.Deploy.0 = Release|x86
		{48A597F2-12C7-4ED6-A5C3-FA3E8BB677A7}.AppStore|x64.ActiveCfg = Release|x64
		{48A597F2-12C7-4ED6-A5C3-FA3E8BB677A7}.AppStore|x64.Build.0 = Release|x64
		{48A597F2-12C7-4ED6-A5C3-FA3E8BB677A7}.AppStore|x64.Deploy.0 = Release|x64
		{48A597F2-12C7-4ED6-A5C3-FA3E8BB677A7}.AppStore|x86.ActiveCfg = Release|x86
		{48A597F2-12C7-4ED6-A5C3-FA3E8BB677A7}.AppStore|x86.Build.0 = Release|x86
		{48A597F2-12C7-4ED6-A5C3-FA3E8BB677A7}.AppStore|x86.Deploy.0 = Release|x86
		{48A597F2-12C7-4ED6-A5C3-FA3E8BB677A7}.Debug|Any CPU.ActiveCfg = Debug|x86
		{48A597F2-12C7-4ED6-A5C3-FA3E8BB677A7}.Debug|ARM.ActiveCfg = Debug|ARM
		{48A597F2-12C7-4ED6-A5C3-FA3E8BB677A7}.Debug|ARM.Build.0 = Debug|ARM
		{48A597F2-12C7-4ED6-A5C3-FA3E8BB677A7}.Debug|ARM.Deploy.0 = Debug|ARM
		{48A597F2-12C7-4ED6-A5C3-FA3E8BB677A7}.Debug|iPhone.ActiveCfg = Debug|x86
		{48A597F2-12C7-4ED6-A5C3-FA3E8BB677A7}.Debug|iPhoneSimulator.ActiveCfg = Debug|x86
		{48A597F2-12C7-4ED6-A5C3-FA3E8BB677A7}.Debug|x64.ActiveCfg = Debug|x64
		{48A597F2-12C7-4ED6-A5C3-FA3E8BB677A7}.Debug|x64.Build.0 = Debug|x64
		{48A597F2-12C7-4ED6-A5C3-FA3E8BB677A7}.Debug|x64.Deploy.0 = Debug|x64
		{48A597F2-12C7-4ED6-A5C3-FA3E8BB677A7}.Debug|x86.ActiveCfg = Debug|x86
		{48A597F2-12C7-4ED6-A5C3-FA3E8BB677A7}.Debug|x86.Build.0 = Debug|x86
		{48A597F2-12C7-4ED6-A5C3-FA3E8BB677A7}.Debug|x86.Deploy.0 = Debug|x86
		{48A597F2-12C7-4ED6-A5C3-FA3E8BB677A7}.Release|Any CPU.ActiveCfg = Release|x86
		{48A597F2-12C7-4ED6-A5C3-FA3E8BB677A7}.Release|ARM.ActiveCfg = Release|ARM
		{48A597F2-12C7-4ED6-A5C3-FA3E8BB677A7}.Release|ARM.Build.0 = Release|ARM
		{48A597F2-12C7-4ED6-A5C3-FA3E8BB677A7}.Release|ARM.Deploy.0 = Release|ARM
		{48A597F2-12C7-4ED6-A5C3-FA3E8BB677A7}.Release|iPhone.ActiveCfg = Release|x86
		{48A597F2-12C7-4ED6-A5C3-FA3E8BB677A7}.Release|iPhoneSimulator.ActiveCfg = Release|x86
		{48A597F2-12C7-4ED6-A5C3-FA3E8BB677A7}.Release|x64.ActiveCfg = Release|x64
		{48A597F2-12C7-4ED6-A5C3-FA3E8BB677A7}.Release|x64.Build.0 = Release|x64
		{48A597F2-12C7-4ED6-A5C3-FA3E8BB677A7}.Release|x64.Deploy.0 = Release|x64
		{48A597F2-12C7-4ED6-A5C3-FA3E8BB677A7}.Release|x86.ActiveCfg = Release|x86
		{48A597F2-12C7-4ED6-A5C3-FA3E8BB677A7}.Release|x86.Build.0 = Release|x86
		{48A597F2-12C7-4ED6-A5C3-FA3E8BB677A7}.Release|x86.Deploy.0 = Release|x86
		{6BAFAF45-011B-4FEA-B8C2-098FC2FE514E}.Ad-Hoc|Any CPU.ActiveCfg = Ad-Hoc|iPhone
		{6BAFAF45-011B-4FEA-B8C2-098FC2FE514E}.Ad-Hoc|ARM.ActiveCfg = Ad-Hoc|iPhone
		{6BAFAF45-011B-4FEA-B8C2-098FC2FE514E}.Ad-Hoc|iPhone.ActiveCfg = Ad-Hoc|iPhone
		{6BAFAF45-011B-4FEA-B8C2-098FC2FE514E}.Ad-Hoc|iPhone.Build.0 = Ad-Hoc|iPhone
		{6BAFAF45-011B-4FEA-B8C2-098FC2FE514E}.Ad-Hoc|iPhoneSimulator.ActiveCfg = Ad-Hoc|iPhoneSimulator
		{6BAFAF45-011B-4FEA-B8C2-098FC2FE514E}.Ad-Hoc|iPhoneSimulator.Build.0 = Ad-Hoc|iPhoneSimulator
		{6BAFAF45-011B-4FEA-B8C2-098FC2FE514E}.Ad-Hoc|x64.ActiveCfg = Ad-Hoc|iPhone
		{6BAFAF45-011B-4FEA-B8C2-098FC2FE514E}.Ad-Hoc|x86.ActiveCfg = Ad-Hoc|iPhone
		{6BAFAF45-011B-4FEA-B8C2-098FC2FE514E}.AppStore|Any CPU.ActiveCfg = AppStore|iPhone
		{6BAFAF45-011B-4FEA-B8C2-098FC2FE514E}.AppStore|ARM.ActiveCfg = AppStore|iPhone
		{6BAFAF45-011B-4FEA-B8C2-098FC2FE514E}.AppStore|iPhone.ActiveCfg = AppStore|iPhone
		{6BAFAF45-011B-4FEA-B8C2-098FC2FE514E}.AppStore|iPhone.Build.0 = AppStore|iPhone
		{6BAFAF45-011B-4FEA-B8C2-098FC2FE514E}.AppStore|iPhoneSimulator.ActiveCfg = AppStore|iPhoneSimulator
		{6BAFAF45-011B-4FEA-B8C2-098FC2FE514E}.AppStore|iPhoneSimulator.Build.0 = AppStore|iPhoneSimulator
		{6BAFAF45-011B-4FEA-B8C2-098FC2FE514E}.AppStore|x64.ActiveCfg = AppStore|iPhone
		{6BAFAF45-011B-4FEA-B8C2-098FC2FE514E}.AppStore|x86.ActiveCfg = AppStore|iPhone
		{6BAFAF45-011B-4FEA-B8C2-098FC2FE514E}.Debug|Any CPU.ActiveCfg = Debug|iPhone
		{6BAFAF45-011B-4FEA-B8C2-098FC2FE514E}.Debug|ARM.ActiveCfg = Debug|iPhone
		{6BAFAF45-011B-4FEA-B8C2-098FC2FE514E}.Debug|iPhone.ActiveCfg = Debug|iPhone
		{6BAFAF45-011B-4FEA-B8C2-098FC2FE514E}.Debug|iPhone.Build.0 = Debug|iPhone
		{6BAFAF45-011B-4FEA-B8C2-098FC2FE514E}.Debug|iPhoneSimulator.ActiveCfg = Debug|iPhoneSimulator
		{6BAFAF45-011B-4FEA-B8C2-098FC2FE514E}.Debug|iPhoneSimulator.Build.0 = Debug|iPhoneSimulator
		{6BAFAF45-011B-4FEA-B8C2-098FC2FE514E}.Debug|x64.ActiveCfg = Debug|iPhone
		{6BAFAF45-011B-4FEA-B8C2-098FC2FE514E}.Debug|x86.ActiveCfg = Debug|iPhone
		{6BAFAF45-011B-4FEA-B8C2-098FC2FE514E}.Release|Any CPU.ActiveCfg = Release|iPhone
		{6BAFAF45-011B-4FEA-B8C2-098FC2FE514E}.Release|ARM.ActiveCfg = Release|iPhone
		{6BAFAF45-011B-4FEA-B8C2-098FC2FE514E}.Release|iPhone.ActiveCfg = Release|iPhone
		{6BAFAF45-011B-4FEA-B8C2-098FC2FE514E}.Release|iPhone.Build.0 = Release|iPhone
		{6BAFAF45-011B-4FEA-B8C2-098FC2FE514E}.Release|iPhoneSimulator.ActiveCfg = Release|iPhoneSimulator
		{6BAFAF45-011B-4FEA-B8C2-098FC2FE514E}.Release|iPhoneSimulator.Build.0 = Release|iPhoneSimulator
		{6BAFAF45-011B-4FEA-B8C2-098FC2FE514E}.Release|x64.ActiveCfg = Release|iPhone
		{6BAFAF45-011B-4FEA-B8C2-098FC2FE514E}.Release|x86.ActiveCfg = Release|iPhone
	EndGlobalSection
	GlobalSection(SolutionProperties) = preSolution
		HideSolutionNode = FALSE
	EndGlobalSection
	GlobalSection(ExtensibilityGlobals) = postSolution
		SolutionGuid = {EE585EE7-02F4-40DA-AF42-5BD4098486F7}
	EndGlobalSection
EndGlobal
